{
  "name": "create-package-test",
  "version": "1.0.0",
  "lockfileVersion": 1,
  "requires": true,
  "dependencies": {
    "jiazhenghao-frame-print": {
      "version": "1.0.0",
      "resolved": "https://registry.npmjs.org/jiazhenghao-frame-print/-/jiazhenghao-frame-print-1.0.0.tgz",
      "integrity": "sha512-dUXyPXd1lEANX+2Gnxn3YoApLEc5d3nZuHbTGOKFxSqo48Qdr9ZEwtewzSctaZRRmDSfHpYjAy7RRIBGXsqYFA=="
    }
  }
}
